
Microsoft Visual Studio Solution File, Format Version 12.00
# Visual Studio Version 18
VisualStudioVersion = 18.0.11222.15
MinimumVisualStudioVersion = 10.0.40219.1
Project("{FAE04EC0-301F-11D3-BF4B-00C04F79EFBC}") = "SIMS", "SIMS.csproj", "{3C14FB4D-C90B-4D6B-8E9E-64273CBE7A30}"
EndProject
Project("{2150E333-8FDC-42A3-9474-1A3956D46DE8}") = "Tests", "Tests", "{10C64C1F-A2C0-4FAD-86D9-0F4DF5B38701}"
EndProject
Project("{FAE04EC0-301F-11D3-BF4B-00C04F79EFBC}") = "SIMS.UnitTests", "..\SIMS.UnitTests\SIMS.UnitTests.csproj", "{D46C1500-9838-4B5F-8A07-A0A766C7BBBA}"
EndProject
Project("{FAE04EC0-301F-11D3-BF4B-00C04F79EFBC}") = "SIMS.IntegrationTests", "..\SIMS.IntegrationTests\SIMS.IntegrationTests.csproj", "{DB402038-D4EC-4C78-BA31-E4D58294D226}"
EndProject
Project("{FAE04EC0-301F-11D3-BF4B-00C04F79EFBC}") = "SIMS.UITests", "..\SIMS.UITests\SIMS.UITests.csproj", "{BF94FB97-FC1E-45FD-93AE-8B399C67EEA0}"
EndProject
Project("{FAE04EC0-301F-11D3-BF4B-00C04F79EFBC}") = "SIMS.PerformanceTests", "..\SIMS.PerformanceTests\SIMS.PerformanceTests.csproj", "{959EB883-7F5F-423D-85D1-D25E99AD8232}"
EndProject
Global
	GlobalSection(SolutionConfigurationPlatforms) = preSolution
		Debug|Any CPU = Debug|Any CPU
		Release|Any CPU = Release|Any CPU
	EndGlobalSection
	GlobalSection(ProjectConfigurationPlatforms) = postSolution
		{3C14FB4D-C90B-4D6B-8E9E-64273CBE7A30}.Debug|Any CPU.ActiveCfg = Debug|Any CPU
		{3C14FB4D-C90B-4D6B-8E9E-64273CBE7A30}.Debug|Any CPU.Build.0 = Debug|Any CPU
		{3C14FB4D-C90B-4D6B-8E9E-64273CBE7A30}.Release|Any CPU.ActiveCfg = Release|Any CPU
		{3C14FB4D-C90B-4D6B-8E9E-64273CBE7A30}.Release|Any CPU.Build.0 = Release|Any CPU
		{D46C1500-9838-4B5F-8A07-A0A766C7BBBA}.Debug|Any CPU.ActiveCfg = Debug|Any CPU
		{D46C1500-9838-4B5F-8A07-A0A766C7BBBA}.Debug|Any CPU.Build.0 = Debug|Any CPU
		{D46C1500-9838-4B5F-8A07-A0A766C7BBBA}.Release|Any CPU.ActiveCfg = Release|Any CPU
		{D46C1500-9838-4B5F-8A07-A0A766C7BBBA}.Release|Any CPU.Build.0 = Release|Any CPU
		{DB402038-D4EC-4C78-BA31-E4D58294D226}.Debug|Any CPU.ActiveCfg = Debug|Any CPU
		{DB402038-D4EC-4C78-BA31-E4D58294D226}.Debug|Any CPU.Build.0 = Debug|Any CPU
		{DB402038-D4EC-4C78-BA31-E4D58294D226}.Release|Any CPU.ActiveCfg = Release|Any CPU
		{DB402038-D4EC-4C78-BA31-E4D58294D226}.Release|Any CPU.Build.0 = Release|Any CPU
		{BF94FB97-FC1E-45FD-93AE-8B399C67EEA0}.Debug|Any CPU.ActiveCfg = Debug|Any CPU
		{BF94FB97-FC1E-45FD-93AE-8B399C67EEA0}.Debug|Any CPU.Build.0 = Debug|Any CPU
		{BF94FB97-FC1E-45FD-93AE-8B399C67EEA0}.Release|Any CPU.ActiveCfg = Release|Any CPU
		{BF94FB97-FC1E-45FD-93AE-8B399C67EEA0}.Release|Any CPU.Build.0 = Release|Any CPU
		{959EB883-7F5F-423D-85D1-D25E99AD8232}.Debug|Any CPU.ActiveCfg = Debug|Any CPU
		{959EB883-7F5F-423D-85D1-D25E99AD8232}.Debug|Any CPU.Build.0 = Debug|Any CPU
		{959EB883-7F5F-423D-85D1-D25E99AD8232}.Release|Any CPU.ActiveCfg = Release|Any CPU
		{959EB883-7F5F-423D-85D1-D25E99AD8232}.Release|Any CPU.Build.0 = Release|Any CPU
	EndGlobalSection
	GlobalSection(SolutionProperties) = preSolution
		HideSolutionNode = FALSE
	EndGlobalSection
	GlobalSection(NestedProjects) = preSolution
		{D46C1500-9838-4B5F-8A07-A0A766C7BBBA} = {10C64C1F-A2C0-4FAD-86D9-0F4DF5B38701}
		{DB402038-D4EC-4C78-BA31-E4D58294D226} = {10C64C1F-A2C0-4FAD-86D9-0F4DF5B38701}
		{BF94FB97-FC1E-45FD-93AE-8B399C67EEA0} = {10C64C1F-A2C0-4FAD-86D9-0F4DF5B38701}
		{959EB883-7F5F-423D-85D1-D25E99AD8232} = {10C64C1F-A2C0-4FAD-86D9-0F4DF5B38701}
	EndGlobalSection
	GlobalSection(ExtensibilityGlobals) = postSolution
		SolutionGuid = {9159A9A2-4363-4794-BB89-9337A516F818}
	EndGlobalSection
EndGlobal
